// !$*UTF8*$!
{
	archiveVersion = 1;
	classes = {
	};
	objectVersion = 51;
	objects = {

/* Begin PBXBuildFile section */
		31023F172485837F00B96ED9 /* CardsView.swift in Sources */ = {isa = PBXBuildFile; fileRef = 31023F162485837F00B96ED9 /* CardsView.swift */; };
		3145ACF5248305A600F7F89A /* BigButtonStyle.swift in Sources */ = {isa = PBXBuildFile; fileRef = 3145ACF4248305A600F7F89A /* BigButtonStyle.swift */; };
		3145ACF7248308F800F7F89A /* PiaBackground.swift in Sources */ = {isa = PBXBuildFile; fileRef = 3145ACF6248308F800F7F89A /* PiaBackground.swift */; };
		3145ACF92483239D00F7F89A /* SelectionButtonStyle.swift in Sources */ = {isa = PBXBuildFile; fileRef = 3145ACF82483239D00F7F89A /* SelectionButtonStyle.swift */; };
		3145ACFB2483FFBA00F7F89A /* NormalButtonStyle.swift in Sources */ = {isa = PBXBuildFile; fileRef = 3145ACFA2483FFBA00F7F89A /* NormalButtonStyle.swift */; };
		3145ACFD2484001200F7F89A /* NormalTextFieldStyle.swift in Sources */ = {isa = PBXBuildFile; fileRef = 3145ACFC2484001200F7F89A /* NormalTextFieldStyle.swift */; };
		3145AD052484326900F7F89A /* NormalSelectionButtonStyle.swift in Sources */ = {isa = PBXBuildFile; fileRef = 3145AD042484326900F7F89A /* NormalSelectionButtonStyle.swift */; };
		3145AD092484355100F7F89A /* KeyboardAdaptive.swift in Sources */ = {isa = PBXBuildFile; fileRef = 3145AD082484355100F7F89A /* KeyboardAdaptive.swift */; };
		31724DBB247B29AD0005A728 /* AppDelegate.swift in Sources */ = {isa = PBXBuildFile; fileRef = 31724DBA247B29AD0005A728 /* AppDelegate.swift */; };
		31724DBD247B29AD0005A728 /* SceneDelegate.swift in Sources */ = {isa = PBXBuildFile; fileRef = 31724DBC247B29AD0005A728 /* SceneDelegate.swift */; };
		31724DC0247B29AD0005A728 /* PiaEnglish.xcdatamodeld in Sources */ = {isa = PBXBuildFile; fileRef = 31724DBE247B29AD0005A728 /* PiaEnglish.xcdatamodeld */; };
		31724DC2247B29AD0005A728 /* ContentView.swift in Sources */ = {isa = PBXBuildFile; fileRef = 31724DC1247B29AD0005A728 /* ContentView.swift */; };
		31724DC4247B29B20005A728 /* Assets.xcassets in Resources */ = {isa = PBXBuildFile; fileRef = 31724DC3247B29B20005A728 /* Assets.xcassets */; };
		31724DC7247B29B20005A728 /* Preview Assets.xcassets in Resources */ = {isa = PBXBuildFile; fileRef = 31724DC6247B29B20005A728 /* Preview Assets.xcassets */; };
		31724DCA247B29B20005A728 /* LaunchScreen.storyboard in Resources */ = {isa = PBXBuildFile; fileRef = 31724DC8247B29B20005A728 /* LaunchScreen.storyboard */; };
		31724DD2247B2A9D0005A728 /* AppTabView.swift in Sources */ = {isa = PBXBuildFile; fileRef = 31724DD1247B2A9D0005A728 /* AppTabView.swift */; };
		31724DD4247B2AF70005A728 /* LearnView.swift in Sources */ = {isa = PBXBuildFile; fileRef = 31724DD3247B2AF70005A728 /* LearnView.swift */; };
		31724DD6247B2B100005A728 /* CollectionsView.swift in Sources */ = {isa = PBXBuildFile; fileRef = 31724DD5247B2B100005A728 /* CollectionsView.swift */; };
		31724DD8247B2E860005A728 /* GoogleService-Info.plist in Resources */ = {isa = PBXBuildFile; fileRef = 31724DD7247B2E860005A728 /* GoogleService-Info.plist */; };
		3178AF50247C9D2000ADD92B /* TestView.swift in Sources */ = {isa = PBXBuildFile; fileRef = 3178AF4F247C9D2000ADD92B /* TestView.swift */; };
		3178AF52247C9D3000ADD92B /* TrainView.swift in Sources */ = {isa = PBXBuildFile; fileRef = 3178AF51247C9D3000ADD92B /* TrainView.swift */; };
		3178AF55247D396500ADD92B /* NewWordCommiter.swift in Sources */ = {isa = PBXBuildFile; fileRef = 3178AF54247D396500ADD92B /* NewWordCommiter.swift */; };
		3178AF57247D448F00ADD92B /* AddWordView.swift in Sources */ = {isa = PBXBuildFile; fileRef = 3178AF56247D448F00ADD92B /* AddWordView.swift */; };
		3178AF59247D4A0F00ADD92B /* SearchObserver.swift in Sources */ = {isa = PBXBuildFile; fileRef = 3178AF58247D4A0F00ADD92B /* SearchObserver.swift */; };
		3178AF5B247D8E8E00ADD92B /* NewCollectionCommiter.swift in Sources */ = {isa = PBXBuildFile; fileRef = 3178AF5A247D8E8D00ADD92B /* NewCollectionCommiter.swift */; };
		3178AF5D247D8F5D00ADD92B /* AddCollectionView.swift in Sources */ = {isa = PBXBuildFile; fileRef = 3178AF5C247D8F5D00ADD92B /* AddCollectionView.swift */; };
		3178AF5F247D947400ADD92B /* LernedToggleCommiter.swift in Sources */ = {isa = PBXBuildFile; fileRef = 3178AF5E247D947400ADD92B /* LernedToggleCommiter.swift */; };
		319933CE2484906400D9F6BC /* WordGridButtonStyle.swift in Sources */ = {isa = PBXBuildFile; fileRef = 319933CD2484906400D9F6BC /* WordGridButtonStyle.swift */; };
		31A3B86B247B3CC3002C0EC1 /* Globals.swift in Sources */ = {isa = PBXBuildFile; fileRef = 31A3B86A247B3CC3002C0EC1 /* Globals.swift */; };
		31A3B86D247B40DE002C0EC1 /* CollectionsObserver.swift in Sources */ = {isa = PBXBuildFile; fileRef = 31A3B86C247B40DE002C0EC1 /* CollectionsObserver.swift */; };
		31A3B86F247B4214002C0EC1 /* Collection.swift in Sources */ = {isa = PBXBuildFile; fileRef = 31A3B86E247B4214002C0EC1 /* Collection.swift */; };
		31A3B872247B4590002C0EC1 /* CollectionContentsObserver.swift in Sources */ = {isa = PBXBuildFile; fileRef = 31A3B871247B4590002C0EC1 /* CollectionContentsObserver.swift */; };
		31A3B874247B45C6002C0EC1 /* Word.swift in Sources */ = {isa = PBXBuildFile; fileRef = 31A3B873247B45C6002C0EC1 /* Word.swift */; };
		31A3B876247B4B63002C0EC1 /* CollectionContentsView.swift in Sources */ = {isa = PBXBuildFile; fileRef = 31A3B875247B4B63002C0EC1 /* CollectionContentsView.swift */; };
		31A3B87A247BF8C6002C0EC1 /* WordSearchGenerator.swift in Sources */ = {isa = PBXBuildFile; fileRef = 31A3B879247BF8C6002C0EC1 /* WordSearchGenerator.swift */; };
		31A3B87C247C10C9002C0EC1 /* WordSearchView.swift in Sources */ = {isa = PBXBuildFile; fileRef = 31A3B87B247C10C9002C0EC1 /* WordSearchView.swift */; };
		9E8113770671313CB5D6838D /* Pods_PiaEnglish.framework in Frameworks */ = {isa = PBXBuildFile; fileRef = A97C06CEE9CCB95328B0D93A /* Pods_PiaEnglish.framework */; };
/* End PBXBuildFile section */

/* Begin PBXFileReference section */
		31023F162485837F00B96ED9 /* CardsView.swift */ = {isa = PBXFileReference; lastKnownFileType = sourcecode.swift; path = CardsView.swift; sourceTree = "<group>"; };
		3145ACF4248305A600F7F89A /* BigButtonStyle.swift */ = {isa = PBXFileReference; lastKnownFileType = sourcecode.swift; path = BigButtonStyle.swift; sourceTree = "<group>"; };
		3145ACF6248308F800F7F89A /* PiaBackground.swift */ = {isa = PBXFileReference; lastKnownFileType = sourcecode.swift; path = PiaBackground.swift; sourceTree = "<group>"; };
		3145ACF82483239D00F7F89A /* SelectionButtonStyle.swift */ = {isa = PBXFileReference; lastKnownFileType = sourcecode.swift; path = SelectionButtonStyle.swift; sourceTree = "<group>"; };
		3145ACFA2483FFBA00F7F89A /* NormalButtonStyle.swift */ = {isa = PBXFileReference; lastKnownFileType = sourcecode.swift; path = NormalButtonStyle.swift; sourceTree = "<group>"; };
		3145ACFC2484001200F7F89A /* NormalTextFieldStyle.swift */ = {isa = PBXFileReference; lastKnownFileType = sourcecode.swift; path = NormalTextFieldStyle.swift; sourceTree = "<group>"; };
		3145AD042484326900F7F89A /* NormalSelectionButtonStyle.swift */ = {isa = PBXFileReference; lastKnownFileType = sourcecode.swift; path = NormalSelectionButtonStyle.swift; sourceTree = "<group>"; };
		3145AD082484355100F7F89A /* KeyboardAdaptive.swift */ = {isa = PBXFileReference; lastKnownFileType = sourcecode.swift; path = KeyboardAdaptive.swift; sourceTree = "<group>"; };
		31724DB7247B29AD0005A728 /* PiaEnglish.app */ = {isa = PBXFileReference; explicitFileType = wrapper.application; includeInIndex = 0; path = PiaEnglish.app; sourceTree = BUILT_PRODUCTS_DIR; };
		31724DBA247B29AD0005A728 /* AppDelegate.swift */ = {isa = PBXFileReference; lastKnownFileType = sourcecode.swift; path = AppDelegate.swift; sourceTree = "<group>"; };
		31724DBC247B29AD0005A728 /* SceneDelegate.swift */ = {isa = PBXFileReference; lastKnownFileType = sourcecode.swift; path = SceneDelegate.swift; sourceTree = "<group>"; };
		31724DBF247B29AD0005A728 /* PiaEnglish.xcdatamodel */ = {isa = PBXFileReference; lastKnownFileType = wrapper.xcdatamodel; path = PiaEnglish.xcdatamodel; sourceTree = "<group>"; };
		31724DC1247B29AD0005A728 /* ContentView.swift */ = {isa = PBXFileReference; lastKnownFileType = sourcecode.swift; path = ContentView.swift; sourceTree = "<group>"; };
		31724DC3247B29B20005A728 /* Assets.xcassets */ = {isa = PBXFileReference; lastKnownFileType = folder.assetcatalog; path = Assets.xcassets; sourceTree = "<group>"; };
		31724DC6247B29B20005A728 /* Preview Assets.xcassets */ = {isa = PBXFileReference; lastKnownFileType = folder.assetcatalog; path = "Preview Assets.xcassets"; sourceTree = "<group>"; };
		31724DC9247B29B20005A728 /* Base */ = {isa = PBXFileReference; lastKnownFileType = file.storyboard; name = Base; path = Base.lproj/LaunchScreen.storyboard; sourceTree = "<group>"; };
		31724DCB247B29B20005A728 /* Info.plist */ = {isa = PBXFileReference; lastKnownFileType = text.plist.xml; path = Info.plist; sourceTree = "<group>"; };
		31724DD1247B2A9D0005A728 /* AppTabView.swift */ = {isa = PBXFileReference; lastKnownFileType = sourcecode.swift; path = AppTabView.swift; sourceTree = "<group>"; };
		31724DD3247B2AF70005A728 /* LearnView.swift */ = {isa = PBXFileReference; lastKnownFileType = sourcecode.swift; path = LearnView.swift; sourceTree = "<group>"; };
		31724DD5247B2B100005A728 /* CollectionsView.swift */ = {isa = PBXFileReference; lastKnownFileType = sourcecode.swift; path = CollectionsView.swift; sourceTree = "<group>"; };
		31724DD7247B2E860005A728 /* GoogleService-Info.plist */ = {isa = PBXFileReference; fileEncoding = 4; lastKnownFileType = text.plist.xml; path = "GoogleService-Info.plist"; sourceTree = "<group>"; };
		3178AF4F247C9D2000ADD92B /* TestView.swift */ = {isa = PBXFileReference; lastKnownFileType = sourcecode.swift; path = TestView.swift; sourceTree = "<group>"; };
		3178AF51247C9D3000ADD92B /* TrainView.swift */ = {isa = PBXFileReference; lastKnownFileType = sourcecode.swift; path = TrainView.swift; sourceTree = "<group>"; };
		3178AF54247D396500ADD92B /* NewWordCommiter.swift */ = {isa = PBXFileReference; lastKnownFileType = sourcecode.swift; path = NewWordCommiter.swift; sourceTree = "<group>"; };
		3178AF56247D448F00ADD92B /* AddWordView.swift */ = {isa = PBXFileReference; lastKnownFileType = sourcecode.swift; path = AddWordView.swift; sourceTree = "<group>"; };
		3178AF58247D4A0F00ADD92B /* SearchObserver.swift */ = {isa = PBXFileReference; lastKnownFileType = sourcecode.swift; path = SearchObserver.swift; sourceTree = "<group>"; };
		3178AF5A247D8E8D00ADD92B /* NewCollectionCommiter.swift */ = {isa = PBXFileReference; lastKnownFileType = sourcecode.swift; path = NewCollectionCommiter.swift; sourceTree = "<group>"; };
		3178AF5C247D8F5D00ADD92B /* AddCollectionView.swift */ = {isa = PBXFileReference; lastKnownFileType = sourcecode.swift; path = AddCollectionView.swift; sourceTree = "<group>"; };
		3178AF5E247D947400ADD92B /* LernedToggleCommiter.swift */ = {isa = PBXFileReference; lastKnownFileType = sourcecode.swift; path = LernedToggleCommiter.swift; sourceTree = "<group>"; };
		319933CD2484906400D9F6BC /* WordGridButtonStyle.swift */ = {isa = PBXFileReference; lastKnownFileType = sourcecode.swift; path = WordGridButtonStyle.swift; sourceTree = "<group>"; };
		31A3B86A247B3CC3002C0EC1 /* Globals.swift */ = {isa = PBXFileReference; lastKnownFileType = sourcecode.swift; path = Globals.swift; sourceTree = "<group>"; };
		31A3B86C247B40DE002C0EC1 /* CollectionsObserver.swift */ = {isa = PBXFileReference; lastKnownFileType = sourcecode.swift; path = CollectionsObserver.swift; sourceTree = "<group>"; };
		31A3B86E247B4214002C0EC1 /* Collection.swift */ = {isa = PBXFileReference; lastKnownFileType = sourcecode.swift; path = Collection.swift; sourceTree = "<group>"; };
		31A3B871247B4590002C0EC1 /* CollectionContentsObserver.swift */ = {isa = PBXFileReference; lastKnownFileType = sourcecode.swift; path = CollectionContentsObserver.swift; sourceTree = "<group>"; };
		31A3B873247B45C6002C0EC1 /* Word.swift */ = {isa = PBXFileReference; lastKnownFileType = sourcecode.swift; path = Word.swift; sourceTree = "<group>"; };
		31A3B875247B4B63002C0EC1 /* CollectionContentsView.swift */ = {isa = PBXFileReference; lastKnownFileType = sourcecode.swift; path = CollectionContentsView.swift; sourceTree = "<group>"; };
		31A3B879247BF8C6002C0EC1 /* WordSearchGenerator.swift */ = {isa = PBXFileReference; lastKnownFileType = sourcecode.swift; path = WordSearchGenerator.swift; sourceTree = "<group>"; };
		31A3B87B247C10C9002C0EC1 /* WordSearchView.swift */ = {isa = PBXFileReference; lastKnownFileType = sourcecode.swift; path = WordSearchView.swift; sourceTree = "<group>"; };
		A97C06CEE9CCB95328B0D93A /* Pods_PiaEnglish.framework */ = {isa = PBXFileReference; explicitFileType = wrapper.framework; includeInIndex = 0; path = Pods_PiaEnglish.framework; sourceTree = BUILT_PRODUCTS_DIR; };
		BE6CA557D554861F0A9AC847 /* Pods-PiaEnglish.debug.xcconfig */ = {isa = PBXFileReference; includeInIndex = 1; lastKnownFileType = text.xcconfig; name = "Pods-PiaEnglish.debug.xcconfig"; path = "Target Support Files/Pods-PiaEnglish/Pods-PiaEnglish.debug.xcconfig"; sourceTree = "<group>"; };
		FE5FB435E6584798805979D7 /* Pods-PiaEnglish.release.xcconfig */ = {isa = PBXFileReference; includeInIndex = 1; lastKnownFileType = text.xcconfig; name = "Pods-PiaEnglish.release.xcconfig"; path = "Target Support Files/Pods-PiaEnglish/Pods-PiaEnglish.release.xcconfig"; sourceTree = "<group>"; };
/* End PBXFileReference section */

/* Begin PBXFrameworksBuildPhase section */
		31724DB4247B29AD0005A728 /* Frameworks */ = {
			isa = PBXFrameworksBuildPhase;
			buildActionMask = 2147483647;
			files = (
				9E8113770671313CB5D6838D /* Pods_PiaEnglish.framework in Frameworks */,
			);
			runOnlyForDeploymentPostprocessing = 0;
		};
/* End PBXFrameworksBuildPhase section */

/* Begin PBXGroup section */
		31023F152485836100B96ED9 /* Cards */ = {
			isa = PBXGroup;
			children = (
				31023F162485837F00B96ED9 /* CardsView.swift */,
			);
			path = Cards;
			sourceTree = "<group>";
		};
		3145AD0A2484448900F7F89A /* Styles */ = {
			isa = PBXGroup;
			children = (
				3145ACF4248305A600F7F89A /* BigButtonStyle.swift */,
				3145ACFA2483FFBA00F7F89A /* NormalButtonStyle.swift */,
				319933CD2484906400D9F6BC /* WordGridButtonStyle.swift */,
				3145AD042484326900F7F89A /* NormalSelectionButtonStyle.swift */,
				3145ACFC2484001200F7F89A /* NormalTextFieldStyle.swift */,
				3145ACF82483239D00F7F89A /* SelectionButtonStyle.swift */,
				3145ACF6248308F800F7F89A /* PiaBackground.swift */,
			);
			path = Styles;
			sourceTree = "<group>";
		};
		31724DAE247B29AD0005A728 = {
			isa = PBXGroup;
			children = (
				31724DB9247B29AD0005A728 /* PiaEnglish */,
				31724DB8247B29AD0005A728 /* Products */,
				CEC79B68288BC1AF0BFBFD79 /* Pods */,
				500648E45B7257C6C5608273 /* Frameworks */,
			);
			sourceTree = "<group>";
		};
		31724DB8247B29AD0005A728 /* Products */ = {
			isa = PBXGroup;
			children = (
				31724DB7247B29AD0005A728 /* PiaEnglish.app */,
			);
			name = Products;
			sourceTree = "<group>";
		};
		31724DB9247B29AD0005A728 /* PiaEnglish */ = {
			isa = PBXGroup;
			children = (
				31724DD7247B2E860005A728 /* GoogleService-Info.plist */,
				31724DBA247B29AD0005A728 /* AppDelegate.swift */,
				31724DBC247B29AD0005A728 /* SceneDelegate.swift */,
				31724DC1247B29AD0005A728 /* ContentView.swift */,
				31724DD1247B2A9D0005A728 /* AppTabView.swift */,
				3178AF53247C9D3C00ADD92B /* Learning */,
				31A3B870247B43A7002C0EC1 /* Collections */,
				31724DC3247B29B20005A728 /* Assets.xcassets */,
				31724DC8247B29B20005A728 /* LaunchScreen.storyboard */,
				31724DCB247B29B20005A728 /* Info.plist */,
				31724DBE247B29AD0005A728 /* PiaEnglish.xcdatamodeld */,
				31724DC5247B29B20005A728 /* Preview Content */,
				31A3B86A247B3CC3002C0EC1 /* Globals.swift */,
				3145AD082484355100F7F89A /* KeyboardAdaptive.swift */,
				3145AD0A2484448900F7F89A /* Styles */,
			);
			path = PiaEnglish;
			sourceTree = "<group>";
		};
		31724DC5247B29B20005A728 /* Preview Content */ = {
			isa = PBXGroup;
			children = (
				31724DC6247B29B20005A728 /* Preview Assets.xcassets */,
			);
			path = "Preview Content";
			sourceTree = "<group>";
		};
		3178AF4E247C9C8000ADD92B /* WordSearch */ = {
			isa = PBXGroup;
			children = (
				31A3B879247BF8C6002C0EC1 /* WordSearchGenerator.swift */,
				31A3B87B247C10C9002C0EC1 /* WordSearchView.swift */,
			);
			path = WordSearch;
			sourceTree = "<group>";
		};
		3178AF53247C9D3C00ADD92B /* Learning */ = {
			isa = PBXGroup;
			children = (
				31724DD3247B2AF70005A728 /* LearnView.swift */,
				3178AF4F247C9D2000ADD92B /* TestView.swift */,
				3178AF51247C9D3000ADD92B /* TrainView.swift */,
				31023F152485836100B96ED9 /* Cards */,
				3178AF4E247C9C8000ADD92B /* WordSearch */,
			);
			path = Learning;
			sourceTree = "<group>";
		};
		31A3B870247B43A7002C0EC1 /* Collections */ = {
			isa = PBXGroup;
			children = (
				31724DD5247B2B100005A728 /* CollectionsView.swift */,
				3178AF5C247D8F5D00ADD92B /* AddCollectionView.swift */,
				31A3B875247B4B63002C0EC1 /* CollectionContentsView.swift */,
				3178AF5E247D947400ADD92B /* LernedToggleCommiter.swift */,
				3178AF56247D448F00ADD92B /* AddWordView.swift */,
				3178AF58247D4A0F00ADD92B /* SearchObserver.swift */,
				3178AF54247D396500ADD92B /* NewWordCommiter.swift */,
				3178AF5A247D8E8D00ADD92B /* NewCollectionCommiter.swift */,
				31A3B86C247B40DE002C0EC1 /* CollectionsObserver.swift */,
				31A3B871247B4590002C0EC1 /* CollectionContentsObserver.swift */,
				31A3B86E247B4214002C0EC1 /* Collection.swift */,
				31A3B873247B45C6002C0EC1 /* Word.swift */,
			);
			path = Collections;
			sourceTree = "<group>";
		};
		500648E45B7257C6C5608273 /* Frameworks */ = {
			isa = PBXGroup;
			children = (
				A97C06CEE9CCB95328B0D93A /* Pods_PiaEnglish.framework */,
			);
			name = Frameworks;
			sourceTree = "<group>";
		};
		CEC79B68288BC1AF0BFBFD79 /* Pods */ = {
			isa = PBXGroup;
			children = (
				BE6CA557D554861F0A9AC847 /* Pods-PiaEnglish.debug.xcconfig */,
				FE5FB435E6584798805979D7 /* Pods-PiaEnglish.release.xcconfig */,
			);
			path = Pods;
			sourceTree = "<group>";
		};
/* End PBXGroup section */

/* Begin PBXNativeTarget section */
		31724DB6247B29AD0005A728 /* PiaEnglish */ = {
			isa = PBXNativeTarget;
			buildConfigurationList = 31724DCE247B29B20005A728 /* Build configuration list for PBXNativeTarget "PiaEnglish" */;
			buildPhases = (
				85D498BF6BF08E3B141450EB /* [CP] Check Pods Manifest.lock */,
				31724DB3247B29AD0005A728 /* Sources */,
				31724DB4247B29AD0005A728 /* Frameworks */,
				31724DB5247B29AD0005A728 /* Resources */,
				5C214CCB31E93C307534235E /* [CP] Embed Pods Frameworks */,
			);
			buildRules = (
			);
			dependencies = (
			);
			name = PiaEnglish;
			productName = PiaEnglish;
			productReference = 31724DB7247B29AD0005A728 /* PiaEnglish.app */;
			productType = "com.apple.product-type.application";
		};
/* End PBXNativeTarget section */

/* Begin PBXProject section */
		31724DAF247B29AD0005A728 /* Project object */ = {
			isa = PBXProject;
			attributes = {
				LastSwiftUpdateCheck = 1140;
				LastUpgradeCheck = 1140;
				ORGANIZATIONNAME = "Mariia Turchina";
				TargetAttributes = {
					31724DB6247B29AD0005A728 = {
						CreatedOnToolsVersion = 11.4.1;
					};
				};
			};
			buildConfigurationList = 31724DB2247B29AD0005A728 /* Build configuration list for PBXProject "PiaEnglish" */;
			compatibilityVersion = "Xcode 9.3";
			developmentRegion = en;
			hasScannedForEncodings = 0;
			knownRegions = (
				en,
				Base,
			);
			mainGroup = 31724DAE247B29AD0005A728;
			productRefGroup = 31724DB8247B29AD0005A728 /* Products */;
			projectDirPath = "";
			projectRoot = "";
			targets = (
				31724DB6247B29AD0005A728 /* PiaEnglish */,
			);
		};
/* End PBXProject section */

/* Begin PBXResourcesBuildPhase section */
		31724DB5247B29AD0005A728 /* Resources */ = {
			isa = PBXResourcesBuildPhase;
			buildActionMask = 2147483647;
			files = (
				31724DCA247B29B20005A728 /* LaunchScreen.storyboard in Resources */,
				31724DD8247B2E860005A728 /* GoogleService-Info.plist in Resources */,
				31724DC7247B29B20005A728 /* Preview Assets.xcassets in Resources */,
				31724DC4247B29B20005A728 /* Assets.xcassets in Resources */,
			);
			runOnlyForDeploymentPostprocessing = 0;
		};
/* End PBXResourcesBuildPhase section */

/* Begin PBXShellScriptBuildPhase section */
		5C214CCB31E93C307534235E /* [CP] Embed Pods Frameworks */ = {
			isa = PBXShellScriptBuildPhase;
			buildActionMask = 2147483647;
			files = (
			);
			inputFileListPaths = (
				"${PODS_ROOT}/Target Support Files/Pods-PiaEnglish/Pods-PiaEnglish-frameworks-${CONFIGURATION}-input-files.xcfilelist",
			);
			name = "[CP] Embed Pods Frameworks";
			outputFileListPaths = (
				"${PODS_ROOT}/Target Support Files/Pods-PiaEnglish/Pods-PiaEnglish-frameworks-${CONFIGURATION}-output-files.xcfilelist",
			);
			runOnlyForDeploymentPostprocessing = 0;
			shellPath = /bin/sh;
			shellScript = "\"${PODS_ROOT}/Target Support Files/Pods-PiaEnglish/Pods-PiaEnglish-frameworks.sh\"\n";
			showEnvVarsInLog = 0;
		};
		85D498BF6BF08E3B141450EB /* [CP] Check Pods Manifest.lock */ = {
			isa = PBXShellScriptBuildPhase;
			buildActionMask = 2147483647;
			files = (
			);
			inputFileListPaths = (
			);
			inputPaths = (
				"${PODS_PODFILE_DIR_PATH}/Podfile.lock",
				"${PODS_ROOT}/Manifest.lock",
			);
			name = "[CP] Check Pods Manifest.lock";
			outputFileListPaths = (
			);
			outputPaths = (
				"$(DERIVED_FILE_DIR)/Pods-PiaEnglish-checkManifestLockResult.txt",
			);
			runOnlyForDeploymentPostprocessing = 0;
			shellPath = /bin/sh;
			shellScript = "diff \"${PODS_PODFILE_DIR_PATH}/Podfile.lock\" \"${PODS_ROOT}/Manifest.lock\" > /dev/null\nif [ $? != 0 ] ; then\n    # print error to STDERR\n    echo \"error: The sandbox is not in sync with the Podfile.lock. Run 'pod install' or update your CocoaPods installation.\" >&2\n    exit 1\nfi\n# This output is used by Xcode 'outputs' to avoid re-running this script phase.\necho \"SUCCESS\" > \"${SCRIPT_OUTPUT_FILE_0}\"\n";
			showEnvVarsInLog = 0;
		};
/* End PBXShellScriptBuildPhase section */

/* Begin PBXSourcesBuildPhase section */
		31724DB3247B29AD0005A728 /* Sources */ = {
			isa = PBXSourcesBuildPhase;
			buildActionMask = 2147483647;
			files = (
				3145ACFD2484001200F7F89A /* NormalTextFieldStyle.swift in Sources */,
				31724DD2247B2A9D0005A728 /* AppTabView.swift in Sources */,
				31A3B872247B4590002C0EC1 /* CollectionContentsObserver.swift in Sources */,
				3178AF5D247D8F5D00ADD92B /* AddCollectionView.swift in Sources */,
				31A3B87C247C10C9002C0EC1 /* WordSearchView.swift in Sources */,
				3178AF5B247D8E8E00ADD92B /* NewCollectionCommiter.swift in Sources */,
				319933CE2484906400D9F6BC /* WordGridButtonStyle.swift in Sources */,
				31A3B86F247B4214002C0EC1 /* Collection.swift in Sources */,
				3145ACF5248305A600F7F89A /* BigButtonStyle.swift in Sources */,
				3178AF5F247D947400ADD92B /* LernedToggleCommiter.swift in Sources */,
				3145ACF7248308F800F7F89A /* PiaBackground.swift in Sources */,
				3145ACFB2483FFBA00F7F89A /* NormalButtonStyle.swift in Sources */,
				3178AF50247C9D2000ADD92B /* TestView.swift in Sources */,
				3178AF59247D4A0F00ADD92B /* SearchObserver.swift in Sources */,
				31A3B87A247BF8C6002C0EC1 /* WordSearchGenerator.swift in Sources */,
				3178AF52247C9D3000ADD92B /* TrainView.swift in Sources */,
				3145AD052484326900F7F89A /* NormalSelectionButtonStyle.swift in Sources */,
				31724DD6247B2B100005A728 /* CollectionsView.swift in Sources */,
				31023F172485837F00B96ED9 /* CardsView.swift in Sources */,
				31724DD4247B2AF70005A728 /* LearnView.swift in Sources */,
				31A3B876247B4B63002C0EC1 /* CollectionContentsView.swift in Sources */,
				31A3B874247B45C6002C0EC1 /* Word.swift in Sources */,
				31A3B86D247B40DE002C0EC1 /* CollectionsObserver.swift in Sources */,
				3178AF57247D448F00ADD92B /* AddWordView.swift in Sources */,
				31724DC0247B29AD0005A728 /* PiaEnglish.xcdatamodeld in Sources */,
				3145AD092484355100F7F89A /* KeyboardAdaptive.swift in Sources */,
				3178AF55247D396500ADD92B /* NewWordCommiter.swift in Sources */,
				31A3B86B247B3CC3002C0EC1 /* Globals.swift in Sources */,
				31724DBB247B29AD0005A728 /* AppDelegate.swift in Sources */,
				31724DC2247B29AD0005A728 /* ContentView.swift in Sources */,
				3145ACF92483239D00F7F89A /* SelectionButtonStyle.swift in Sources */,
				31724DBD247B29AD0005A728 /* SceneDelegate.swift in Sources */,
			);
			runOnlyForDeploymentPostprocessing = 0;
		};
/* End PBXSourcesBuildPhase section */

/* Begin PBXVariantGroup section */
		31724DC8247B29B20005A728 /* LaunchScreen.storyboard */ = {
			isa = PBXVariantGroup;
			children = (
				31724DC9247B29B20005A728 /* Base */,
			);
			name = LaunchScreen.storyboard;
			sourceTree = "<group>";
		};
/* End PBXVariantGroup section */

/* Begin XCBuildConfiguration section */
		31724DCC247B29B20005A728 /* Debug */ = {
			isa = XCBuildConfiguration;
			buildSettings = {
				ALWAYS_SEARCH_USER_PATHS = NO;
				CLANG_ANALYZER_NONNULL = YES;
				CLANG_ANALYZER_NUMBER_OBJECT_CONVERSION = YES_AGGRESSIVE;
				CLANG_CXX_LANGUAGE_STANDARD = "gnu++14";
				CLANG_CXX_LIBRARY = "libc++";
				CLANG_ENABLE_MODULES = YES;
				CLANG_ENABLE_OBJC_ARC = YES;
				CLANG_ENABLE_OBJC_WEAK = YES;
				CLANG_WARN_BLOCK_CAPTURE_AUTORELEASING = YES;
				CLANG_WARN_BOOL_CONVERSION = YES;
				CLANG_WARN_COMMA = YES;
				CLANG_WARN_CONSTANT_CONVERSION = YES;
				CLANG_WARN_DEPRECATED_OBJC_IMPLEMENTATIONS = YES;
				CLANG_WARN_DIRECT_OBJC_ISA_USAGE = YES_ERROR;
				CLANG_WARN_DOCUMENTATION_COMMENTS = YES;
				CLANG_WARN_EMPTY_BODY = YES;
				CLANG_WARN_ENUM_CONVERSION = YES;
				CLANG_WARN_INFINITE_RECURSION = YES;
				CLANG_WARN_INT_CONVERSION = YES;
				CLANG_WARN_NON_LITERAL_NULL_CONVERSION = YES;
				CLANG_WARN_OBJC_IMPLICIT_RETAIN_SELF = YES;
				CLANG_WARN_OBJC_LITERAL_CONVERSION = YES;
				CLANG_WARN_OBJC_ROOT_CLASS = YES_ERROR;
				CLANG_WARN_RANGE_LOOP_ANALYSIS = YES;
				CLANG_WARN_STRICT_PROTOTYPES = YES;
				CLANG_WARN_SUSPICIOUS_MOVE = YES;
				CLANG_WARN_UNGUARDED_AVAILABILITY = YES_AGGRESSIVE;
				CLANG_WARN_UNREACHABLE_CODE = YES;
				CLANG_WARN__DUPLICATE_METHOD_MATCH = YES;
				COPY_PHASE_STRIP = NO;
				DEBUG_INFORMATION_FORMAT = dwarf;
				ENABLE_STRICT_OBJC_MSGSEND = YES;
				ENABLE_TESTABILITY = YES;
				GCC_C_LANGUAGE_STANDARD = gnu11;
				GCC_DYNAMIC_NO_PIC = NO;
				GCC_NO_COMMON_BLOCKS = YES;
				GCC_OPTIMIZATION_LEVEL = 0;
				GCC_PREPROCESSOR_DEFINITIONS = (
					"DEBUG=1",
					"$(inherited)",
				);
				GCC_WARN_64_TO_32_BIT_CONVERSION = YES;
				GCC_WARN_ABOUT_RETURN_TYPE = YES_ERROR;
				GCC_WARN_UNDECLARED_SELECTOR = YES;
				GCC_WARN_UNINITIALIZED_AUTOS = YES_AGGRESSIVE;
				GCC_WARN_UNUSED_FUNCTION = YES;
				GCC_WARN_UNUSED_VARIABLE = YES;
				IPHONEOS_DEPLOYMENT_TARGET = 13.4;
				MTL_ENABLE_DEBUG_INFO = INCLUDE_SOURCE;
				MTL_FAST_MATH = YES;
				ONLY_ACTIVE_ARCH = YES;
				SDKROOT = iphoneos;
				SWIFT_ACTIVE_COMPILATION_CONDITIONS = DEBUG;
				SWIFT_OPTIMIZATION_LEVEL = "-Onone";
			};
			name = Debug;
		};
		31724DCD247B29B20005A728 /* Release */ = {
			isa = XCBuildConfiguration;
			buildSettings = {
				ALWAYS_SEARCH_USER_PATHS = NO;
				CLANG_ANALYZER_NONNULL = YES;
				CLANG_ANALYZER_NUMBER_OBJECT_CONVERSION = YES_AGGRESSIVE;
				CLANG_CXX_LANGUAGE_STANDARD = "gnu++14";
				CLANG_CXX_LIBRARY = "libc++";
				CLANG_ENABLE_MODULES = YES;
				CLANG_ENABLE_OBJC_ARC = YES;
				CLANG_ENABLE_OBJC_WEAK = YES;
				CLANG_WARN_BLOCK_CAPTURE_AUTORELEASING = YES;
				CLANG_WARN_BOOL_CONVERSION = YES;
				CLANG_WARN_COMMA = YES;
				CLANG_WARN_CONSTANT_CONVERSION = YES;
				CLANG_WARN_DEPRECATED_OBJC_IMPLEMENTATIONS = YES;
				CLANG_WARN_DIRECT_OBJC_ISA_USAGE = YES_ERROR;
				CLANG_WARN_DOCUMENTATION_COMMENTS = YES;
				CLANG_WARN_EMPTY_BODY = YES;
				CLANG_WARN_ENUM_CONVERSION = YES;
				CLANG_WARN_INFINITE_RECURSION = YES;
				CLANG_WARN_INT_CONVERSION = YES;
				CLANG_WARN_NON_LITERAL_NULL_CONVERSION = YES;
				CLANG_WARN_OBJC_IMPLICIT_RETAIN_SELF = YES;
				CLANG_WARN_OBJC_LITERAL_CONVERSION = YES;
				CLANG_WARN_OBJC_ROOT_CLASS = YES_ERROR;
				CLANG_WARN_RANGE_LOOP_ANALYSIS = YES;
				CLANG_WARN_STRICT_PROTOTYPES = YES;
				CLANG_WARN_SUSPICIOUS_MOVE = YES;
				CLANG_WARN_UNGUARDED_AVAILABILITY = YES_AGGRESSIVE;
				CLANG_WARN_UNREACHABLE_CODE = YES;
				CLANG_WARN__DUPLICATE_METHOD_MATCH = YES;
				COPY_PHASE_STRIP = NO;
				DEBUG_INFORMATION_FORMAT = "dwarf-with-dsym";
				ENABLE_NS_ASSERTIONS = NO;
				ENABLE_STRICT_OBJC_MSGSEND = YES;
				GCC_C_LANGUAGE_STANDARD = gnu11;
				GCC_NO_COMMON_BLOCKS = YES;
				GCC_WARN_64_TO_32_BIT_CONVERSION = YES;
				GCC_WARN_ABOUT_RETURN_TYPE = YES_ERROR;
				GCC_WARN_UNDECLARED_SELECTOR = YES;
				GCC_WARN_UNINITIALIZED_AUTOS = YES_AGGRESSIVE;
				GCC_WARN_UNUSED_FUNCTION = YES;
				GCC_WARN_UNUSED_VARIABLE = YES;
				IPHONEOS_DEPLOYMENT_TARGET = 13.4;
				MTL_ENABLE_DEBUG_INFO = NO;
				MTL_FAST_MATH = YES;
				SDKROOT = iphoneos;
				SWIFT_COMPILATION_MODE = wholemodule;
				SWIFT_OPTIMIZATION_LEVEL = "-O";
				VALIDATE_PRODUCT = YES;
			};
			name = Release;
		};
		31724DCF247B29B20005A728 /* Debug */ = {
			isa = XCBuildConfiguration;
			baseConfigurationReference = BE6CA557D554861F0A9AC847 /* Pods-PiaEnglish.debug.xcconfig */;
			buildSettings = {
				ASSETCATALOG_COMPILER_APPICON_NAME = AppIcon;
				CODE_SIGN_STYLE = Automatic;
				DEVELOPMENT_ASSET_PATHS = "\"PiaEnglish/Preview Content\"";
				DEVELOPMENT_TEAM = KWRUV8J5SB;
				ENABLE_PREVIEWS = YES;
				INFOPLIST_FILE = PiaEnglish/Info.plist;
				LD_RUNPATH_SEARCH_PATHS = (
					"$(inherited)",
					"@executable_path/Frameworks",
				);
				PRODUCT_BUNDLE_IDENTIFIER = com.mariia.PiaEnglish;
				PRODUCT_NAME = "$(TARGET_NAME)";
				SWIFT_VERSION = 5.0;
				TARGETED_DEVICE_FAMILY = "1,2";
			};
			name = Debug;
		};
		31724DD0247B29B20005A728 /* Release */ = {
			isa = XCBuildConfiguration;
			baseConfigurationReference = FE5FB435E6584798805979D7 /* Pods-PiaEnglish.release.xcconfig */;
			buildSettings = {
				ASSETCATALOG_COMPILER_APPICON_NAME = AppIcon;
				CODE_SIGN_STYLE = Automatic;
				DEVELOPMENT_ASSET_PATHS = "\"PiaEnglish/Preview Content\"";
				DEVELOPMENT_TEAM = KWRUV8J5SB;
				ENABLE_PREVIEWS = YES;
				INFOPLIST_FILE = PiaEnglish/Info.plist;
				LD_RUNPATH_SEARCH_PATHS = (
					"$(inherited)",
					"@executable_path/Frameworks",
				);
				PRODUCT_BUNDLE_IDENTIFIER = com.mariia.PiaEnglish;
				PRODUCT_NAME = "$(TARGET_NAME)";
				SWIFT_VERSION = 5.0;
				TARGETED_DEVICE_FAMILY = "1,2";
			};
			name = Release;
		};
/* End XCBuildConfiguration section */

/* Begin XCConfigurationList section */
		31724DB2247B29AD0005A728 /* Build configuration list for PBXProject "PiaEnglish" */ = {
			isa = XCConfigurationList;
			buildConfigurations = (
				31724DCC247B29B20005A728 /* Debug */,
				31724DCD247B29B20005A728 /* Release */,
			);
			defaultConfigurationIsVisible = 0;
			defaultConfigurationName = Release;
		};
		31724DCE247B29B20005A728 /* Build configuration list for PBXNativeTarget "PiaEnglish" */ = {
			isa = XCConfigurationList;
			buildConfigurations = (
				31724DCF247B29B20005A728 /* Debug */,
				31724DD0247B29B20005A728 /* Release */,
			);
			defaultConfigurationIsVisible = 0;
			defaultConfigurationName = Release;
		};
/* End XCConfigurationList section */

/* Begin XCVersionGroup section */
		31724DBE247B29AD0005A728 /* PiaEnglish.xcdatamodeld */ = {
			isa = XCVersionGroup;
			children = (
				31724DBF247B29AD0005A728 /* PiaEnglish.xcdatamodel */,
			);
			currentVersion = 31724DBF247B29AD0005A728 /* PiaEnglish.xcdatamodel */;
			path = PiaEnglish.xcdatamodeld;
			sourceTree = "<group>";
			versionGroupType = wrapper.xcdatamodel;
		};
/* End XCVersionGroup section */
	};
	rootObject = 31724DAF247B29AD0005A728 /* Project object */;
}
